
Microsoft Visual Studio Solution File, Format Version 12.00
# Visual Studio Version 16
VisualStudioVersion = 16.0.31829.152
MinimumVisualStudioVersion = 10.0.40219.1
Project("{FAE04EC0-301F-11D3-BF4B-00C04F79EFBC}") = "OkulKitapligiADONET", "OkulKitapligiADONET\OkulKitapligiADONET.csproj", "{28282581-854E-464A-AB21-B6B09D990C50}"
EndProject
Project("{FAE04EC0-301F-11D3-BF4B-00C04F79EFBC}") = "OkulKitapligiADONET_DAL", "OkulKitapligiADONET_DAL\OkulKitapligiADONET_DAL.csproj", "{F0FE3F57-D03D-4D84-A8E6-3771A9B5828D}"
EndProject
Project("{FAE04EC0-301F-11D3-BF4B-00C04F79EFBC}") = "OkulKitapligiADONET_BLL", "OkulKitapligiADONET_BLL\OkulKitapligiADONET_BLL.csproj", "{ACAB40CB-296C-4175-9F30-57DD98823F9D}"
EndProject
Global
	GlobalSection(SolutionConfigurationPlatforms) = preSolution
		Debug|Any CPU = Debug|Any CPU
		Release|Any CPU = Release|Any CPU
	EndGlobalSection
	GlobalSection(ProjectConfigurationPlatforms) = postSolution
		{28282581-854E-464A-AB21-B6B09D990C50}.Debug|Any CPU.ActiveCfg = Debug|Any CPU
		{28282581-854E-464A-AB21-B6B09D990C50}.Debug|Any CPU.Build.0 = Debug|Any CPU
		{28282581-854E-464A-AB21-B6B09D990C50}.Release|Any CPU.ActiveCfg = Release|Any CPU
		{28282581-854E-464A-AB21-B6B09D990C50}.Release|Any CPU.Build.0 = Release|Any CPU
		{F0FE3F57-D03D-4D84-A8E6-3771A9B5828D}.Debug|Any CPU.ActiveCfg = Debug|Any CPU
		{F0FE3F57-D03D-4D84-A8E6-3771A9B5828D}.Debug|Any CPU.Build.0 = Debug|Any CPU
		{F0FE3F57-D03D-4D84-A8E6-3771A9B5828D}.Release|Any CPU.ActiveCfg = Release|Any CPU
		{F0FE3F57-D03D-4D84-A8E6-3771A9B5828D}.Release|Any CPU.Build.0 = Release|Any CPU
		{ACAB40CB-296C-4175-9F30-57DD98823F9D}.Debug|Any CPU.ActiveCfg = Debug|Any CPU
		{ACAB40CB-296C-4175-9F30-57DD98823F9D}.Debug|Any CPU.Build.0 = Debug|Any CPU
		{ACAB40CB-296C-4175-9F30-57DD98823F9D}.Release|Any CPU.ActiveCfg = Release|Any CPU
		{ACAB40CB-296C-4175-9F30-57DD98823F9D}.Release|Any CPU.Build.0 = Release|Any CPU
	EndGlobalSection
	GlobalSection(SolutionProperties) = preSolution
		HideSolutionNode = FALSE
	EndGlobalSection
	GlobalSection(ExtensibilityGlobals) = postSolution
		SolutionGuid = {F1097E95-8829-42DB-A7E6-C6032DE6377E}
	EndGlobalSection
EndGlobal
